
Microsoft Visual Studio Solution File, Format Version 12.00
# Visual Studio Version 17
VisualStudioVersion = 17.9.34728.123
MinimumVisualStudioVersion = 10.0.40219.1
Project("{FAE04EC0-301F-11D3-BF4B-00C04F79EFBC}") = "lacoParImpar", "lacoParImpar\lacoParImpar.csproj", "{AF5D4E5D-C73A-42C6-B0BF-2B28F77477AA}"
EndProject
Global
	GlobalSection(SolutionConfigurationPlatforms) = preSolution
		Debug|Any CPU = Debug|Any CPU
		Release|Any CPU = Release|Any CPU
	EndGlobalSection
	GlobalSection(ProjectConfigurationPlatforms) = postSolution
		{AF5D4E5D-C73A-42C6-B0BF-2B28F77477AA}.Debug|Any CPU.ActiveCfg = Debug|Any CPU
		{AF5D4E5D-C73A-42C6-B0BF-2B28F77477AA}.Debug|Any CPU.Build.0 = Debug|Any CPU
		{AF5D4E5D-C73A-42C6-B0BF-2B28F77477AA}.Release|Any CPU.ActiveCfg = Release|Any CPU
		{AF5D4E5D-C73A-42C6-B0BF-2B28F77477AA}.Release|Any CPU.Build.0 = Release|Any CPU
	EndGlobalSection
	GlobalSection(SolutionProperties) = preSolution
		HideSolutionNode = FALSE
	EndGlobalSection
	GlobalSection(ExtensibilityGlobals) = postSolution
		SolutionGuid = {D0DC6BFD-D266-4906-B597-3A03DE4EBB54}
	EndGlobalSection
EndGlobal
